
Microsoft Visual Studio Solution File, Format Version 12.00
# Visual Studio Version 16
VisualStudioVersion = 16.0.31605.320
MinimumVisualStudioVersion = 10.0.40219.1
Project("{FAE04EC0-301F-11D3-BF4B-00C04F79EFBC}") = "WebApplication1", "WebApplication1\WebApplication1.csproj", "{822B75C3-C2D6-4063-A301-7F0B66ADA1C6}"
EndProject
Global
	GlobalSection(SolutionConfigurationPlatforms) = preSolution
		Debug|Any CPU = Debug|Any CPU
		Release|Any CPU = Release|Any CPU
	EndGlobalSection
	GlobalSection(ProjectConfigurationPlatforms) = postSolution
		{822B75C3-C2D6-4063-A301-7F0B66ADA1C6}.Debug|Any CPU.ActiveCfg = Debug|Any CPU
		{822B75C3-C2D6-4063-A301-7F0B66ADA1C6}.Debug|Any CPU.Build.0 = Debug|Any CPU
		{822B75C3-C2D6-4063-A301-7F0B66ADA1C6}.Release|Any CPU.ActiveCfg = Release|Any CPU
		{822B75C3-C2D6-4063-A301-7F0B66ADA1C6}.Release|Any CPU.Build.0 = Release|Any CPU
	EndGlobalSection
	GlobalSection(SolutionProperties) = preSolution
		HideSolutionNode = FALSE
	EndGlobalSection
	GlobalSection(ExtensibilityGlobals) = postSolution
		SolutionGuid = {A10EF392-CB07-4144-A0AC-EA81AC17211D}
	EndGlobalSection
EndGlobal
